PODS:
  - FBSnapshotTestCase/Core (2.1.4)
  - JGMethodSwizzler (2.0.2)
  - OCMock (3.4.1)
  - PINCache (3.0.1-beta.7):
    - PINCache/Arc-exception-safe (= 3.0.1-beta.7)
    - PINCache/Core (= 3.0.1-beta.7)
  - PINCache/Arc-exception-safe (3.0.1-beta.7):
    - PINCache/Core
  - PINCache/Core (3.0.1-beta.7):
    - PINOperation (~> 1.1.1)
  - PINOperation (1.1.1)
  - PINRemoteImage (3.0.0-beta.14):
    - PINRemoteImage/PINCache (= 3.0.0-beta.14)
  - PINRemoteImage/Core (3.0.0-beta.14):
    - PINOperation
  - PINRemoteImage/PINCache (3.0.0-beta.14):
    - PINCache (= 3.0.1-beta.7)
    - PINRemoteImage/Core

DEPENDENCIES:
  - FBSnapshotTestCase/Core (~> 2.1)
  - JGMethodSwizzler (from `https://github.com/Kaspik/JGMethodSwizzler`, branch `master`)
  - OCMock (= 3.4.1)
  - PINRemoteImage (= 3.0.0-beta.14)

SPEC REPOS:
  https://github.com/cocoapods/specs.git:
    - FBSnapshotTestCase
    - OCMock
    - PINCache
    - PINOperation
    - PINRemoteImage

EXTERNAL SOURCES:
  JGMethodSwizzler:
    :branch: master
    :git: https://github.com/Kaspik/JGMethodSwizzler

CHECKOUT OPTIONS:
  JGMethodSwizzler:
    :commit: 5192af979fca00a724f945895ffee0d0df5e8ccd
    :git: https://github.com/Kaspik/JGMethodSwizzler

SPEC CHECKSUMS:
  FBSnapshotTestCase: 094f9f314decbabe373b87cc339bea235a63e07a
  JGMethodSwizzler: 6790fb2ca4a8d8594188ba3a4553af8bda635215
  OCMock: 2cd0716969bab32a2283ff3a46fd26a8c8b4c5e3
  PINCache: 7cb9ae068c8f655717f7c644ef1dff9fd573e979
  PINOperation: a6219e6fc9db9c269eb7a7b871ac193bcf400aac
  PINRemoteImage: 81bbff853acc71c6de9e106e9e489a791b8bbb08

PODFILE CHECKSUM: e443195235195116c0e98e8a2072462152a3bc9e

COCOAPODS: 1.6.1
