PODS:
  - iOSSnapshotTestCase/Core (6.2.0)
  - OCMock (3.6)

DEPENDENCIES:
  - iOSSnapshotTestCase/Core (~> 6.1)
  - OCMock (~> 3.6)

SPEC REPOS:
  https://github.com/CocoaPods/Specs.git:
    - iOSSnapshotTestCase
    - OCMock

SPEC CHECKSUMS:
  iOSSnapshotTestCase: 9ab44cb5aa62b84d31847f40680112e15ec579a6
  OCMock: 5ea90566be239f179ba766fd9fbae5885040b992

PODFILE CHECKSUM: a18793fb63b40ee67d82506970d9223f48dcd149

COCOAPODS: 1.9.1
