PODS:
  - FBSnapshotTestCase/Core (2.1.4)
  - OCMock (3.6)

DEPENDENCIES:
  - FBSnapshotTestCase/Core (~> 2.1)
  - OCMock (~> 3.6)

SPEC REPOS:
  https://github.com/CocoaPods/Specs.git:
    - FBSnapshotTestCase
    - OCMock

SPEC CHECKSUMS:
  FBSnapshotTestCase: 094f9f314decbabe373b87cc339bea235a63e07a
  OCMock: 5ea90566be239f179ba766fd9fbae5885040b992

PODFILE CHECKSUM: 9f751863f64737ce61a8b6aaa6a8bfe0aadcc165

COCOAPODS: 1.9.1
