PODS:
  - IGListKit (3.4.0):
    - IGListKit/Default (= 3.4.0)
  - IGListKit/Default (3.4.0):
    - IGListKit/Diffing
  - IGListKit/Diffing (3.4.0)
  - PINCache (3.0.1-beta.7):
    - PINCache/Arc-exception-safe (= 3.0.1-beta.7)
    - PINCache/Core (= 3.0.1-beta.7)
  - PINCache/Arc-exception-safe (3.0.1-beta.7):
    - PINCache/Core
  - PINCache/Core (3.0.1-beta.7):
    - PINOperation (~> 1.1.1)
  - PINOperation (1.1.1)
  - PINRemoteImage/Core (3.0.0-beta.14):
    - PINOperation
  - PINRemoteImage/iOS (3.0.0-beta.14):
    - PINRemoteImage/Core
  - PINRemoteImage/PINCache (3.0.0-beta.14):
    - PINCache (= 3.0.1-beta.7)
    - PINRemoteImage/Core
  - SocketRocket (0.5.1)
  - Texture (2.8.1):
    - Texture/AssetsLibrary (= 2.8.1)
    - Texture/Core (= 2.8.1)
    - Texture/MapKit (= 2.8.1)
    - Texture/Photos (= 2.8.1)
    - Texture/PINRemoteImage (= 2.8.1)
    - Texture/Video (= 2.8.1)
  - Texture/AssetsLibrary (2.8.1):
    - Texture/Core
  - Texture/Core (2.8.1)
  - Texture/IGListKit (2.8.1):
    - IGListKit (~> 3.0)
    - Texture/Core
  - Texture/MapKit (2.8.1):
    - Texture/Core
  - Texture/Photos (2.8.1):
    - Texture/Core
  - Texture/PINRemoteImage (2.8.1):
    - PINRemoteImage/iOS (= 3.0.0-beta.14)
    - PINRemoteImage/PINCache
    - Texture/Core
  - Texture/Video (2.8.1):
    - Texture/Core
  - Texture/Yoga (2.8.1):
    - Texture/Core
    - Yoga (= 1.6.0)
  - Weaver (0.1.2):
    - SocketRocket (= 0.5.1)
    - Texture (>= 2.3.4)
    - Weaver/Core (= 0.1.2)
    - Weaver/Video (= 0.1.2)
  - Weaver/Core (0.1.2):
    - SocketRocket (= 0.5.1)
    - Texture (>= 2.3.4)
  - Weaver/Video (0.1.2):
    - SocketRocket (= 0.5.1)
    - Texture (>= 2.3.4)
    - Weaver/Core
  - Yoga (1.6.0)

DEPENDENCIES:
  - Texture/IGListKit (from `../..`)
  - Texture/PINRemoteImage (from `../..`)
  - Texture/Video (from `../..`)
  - Texture/Yoga (from `../..`)
  - "Weaver (from `git@github.com:TextureGroup/Weaver.git`, branch `master`)"

SPEC REPOS:
  https://github.com/cocoapods/specs.git:
    - IGListKit
    - PINCache
    - PINOperation
    - PINRemoteImage
    - SocketRocket
    - Yoga

EXTERNAL SOURCES:
  Texture:
    :path: "../.."
  Weaver:
    :branch: master
    :git: "git@github.com:TextureGroup/Weaver.git"

CHECKOUT OPTIONS:
  Weaver:
    :commit: 10092bac38555406f8240d2466f932d457341917
    :git: "git@github.com:TextureGroup/Weaver.git"

SPEC CHECKSUMS:
  IGListKit: 7a5d788e9fb746bcd402baa8e8b24bc3bd2a5a07
  PINCache: 7cb9ae068c8f655717f7c644ef1dff9fd573e979
  PINOperation: a6219e6fc9db9c269eb7a7b871ac193bcf400aac
  PINRemoteImage: 81bbff853acc71c6de9e106e9e489a791b8bbb08
  SocketRocket: d57c7159b83c3c6655745cd15302aa24b6bae531
  Texture: e4903b62eb003ce27c4771a727c9f27ff09602de
  Weaver: 4c8324197c88921e3bd6e056a4d274fc043a7984
  Yoga: 81670877477311136b1b3f69a6307ce62e1c89cf

PODFILE CHECKSUM: 7d80f7f41227d87defbe8b6cf93b96211e820baf

COCOAPODS: 1.5.3
